
Microsoft Visual Studio Solution File, Format Version 12.00
# Visual Studio 15
VisualStudioVersion = 15.0.28010.2026
MinimumVisualStudioVersion = 10.0.40219.1
Project("{FAE04EC0-301F-11D3-BF4B-00C04F79EFBC}") = "Task1", "Vladimir_Raevskiy_HW_L3\Task1.csproj", "{2887F53A-935B-467A-AB32-1CF3F50ECBCE}"
EndProject
Project("{FAE04EC0-301F-11D3-BF4B-00C04F79EFBC}") = "Task2", "Task2\Task2.csproj", "{AE5CC742-A879-40E4-B7FB-42E1BD1AE6F7}"
EndProject
Project("{FAE04EC0-301F-11D3-BF4B-00C04F79EFBC}") = "Task3", "Task3\Task3.csproj", "{C2B2497A-CD9D-436A-8541-289438E57E6F}"
EndProject
Global
	GlobalSection(SolutionConfigurationPlatforms) = preSolution
		Debug|Any CPU = Debug|Any CPU
		Release|Any CPU = Release|Any CPU
	EndGlobalSection
	GlobalSection(ProjectConfigurationPlatforms) = postSolution
		{2887F53A-935B-467A-AB32-1CF3F50ECBCE}.Debug|Any CPU.ActiveCfg = Debug|Any CPU
		{2887F53A-935B-467A-AB32-1CF3F50ECBCE}.Debug|Any CPU.Build.0 = Debug|Any CPU
		{2887F53A-935B-467A-AB32-1CF3F50ECBCE}.Release|Any CPU.ActiveCfg = Release|Any CPU
		{2887F53A-935B-467A-AB32-1CF3F50ECBCE}.Release|Any CPU.Build.0 = Release|Any CPU
		{AE5CC742-A879-40E4-B7FB-42E1BD1AE6F7}.Debug|Any CPU.ActiveCfg = Debug|Any CPU
		{AE5CC742-A879-40E4-B7FB-42E1BD1AE6F7}.Debug|Any CPU.Build.0 = Debug|Any CPU
		{AE5CC742-A879-40E4-B7FB-42E1BD1AE6F7}.Release|Any CPU.ActiveCfg = Release|Any CPU
		{AE5CC742-A879-40E4-B7FB-42E1BD1AE6F7}.Release|Any CPU.Build.0 = Release|Any CPU
		{C2B2497A-CD9D-436A-8541-289438E57E6F}.Debug|Any CPU.ActiveCfg = Debug|Any CPU
		{C2B2497A-CD9D-436A-8541-289438E57E6F}.Debug|Any CPU.Build.0 = Debug|Any CPU
		{C2B2497A-CD9D-436A-8541-289438E57E6F}.Release|Any CPU.ActiveCfg = Release|Any CPU
		{C2B2497A-CD9D-436A-8541-289438E57E6F}.Release|Any CPU.Build.0 = Release|Any CPU
	EndGlobalSection
	GlobalSection(SolutionProperties) = preSolution
		HideSolutionNode = FALSE
	EndGlobalSection
	GlobalSection(ExtensibilityGlobals) = postSolution
		SolutionGuid = {736CA102-1DA5-489F-9409-7EA74165BB72}
	EndGlobalSection
EndGlobal
